
Microsoft Visual Studio Solution File, Format Version 12.00
# Visual Studio Version 17
VisualStudioVersion = 17.11.35312.102
MinimumVisualStudioVersion = 10.0.40219.1
Project("{FAE04EC0-301F-11D3-BF4B-00C04F79EFBC}") = "WpfApp1", "WpfApp1\WpfApp1.csproj", "{53453DE5-3EE7-43B5-9D6D-AA54ABBA4D6E}"
EndProject
Global
	GlobalSection(SolutionConfigurationPlatforms) = preSolution
		Debug|Any CPU = Debug|Any CPU
		Release|Any CPU = Release|Any CPU
	EndGlobalSection
	GlobalSection(ProjectConfigurationPlatforms) = postSolution
		{53453DE5-3EE7-43B5-9D6D-AA54ABBA4D6E}.Debug|Any CPU.ActiveCfg = Debug|Any CPU
		{53453DE5-3EE7-43B5-9D6D-AA54ABBA4D6E}.Debug|Any CPU.Build.0 = Debug|Any CPU
		{53453DE5-3EE7-43B5-9D6D-AA54ABBA4D6E}.Release|Any CPU.ActiveCfg = Release|Any CPU
		{53453DE5-3EE7-43B5-9D6D-AA54ABBA4D6E}.Release|Any CPU.Build.0 = Release|Any CPU
	EndGlobalSection
	GlobalSection(SolutionProperties) = preSolution
		HideSolutionNode = FALSE
	EndGlobalSection
	GlobalSection(ExtensibilityGlobals) = postSolution
		SolutionGuid = {F4398102-5101-45AB-9625-6A8495C88733}
	EndGlobalSection
EndGlobal
